
Microsoft Visual Studio Solution File, Format Version 12.00
# Visual Studio Version 17
VisualStudioVersion = 17.8.34525.116
MinimumVisualStudioVersion = 10.0.40219.1
Project("{FAE04EC0-301F-11D3-BF4B-00C04F79EFBC}") = "Net8AuthWebApi", "Net8AuthWebApi\Net8AuthWebApi.csproj", "{714DC273-1D72-49D7-8AF0-A3CC6D62E3D9}"
EndProject
Global
	GlobalSection(SolutionConfigurationPlatforms) = preSolution
		Debug|Any CPU = Debug|Any CPU
		Release|Any CPU = Release|Any CPU
	EndGlobalSection
	GlobalSection(ProjectConfigurationPlatforms) = postSolution
		{714DC273-1D72-49D7-8AF0-A3CC6D62E3D9}.Debug|Any CPU.ActiveCfg = Debug|Any CPU
		{714DC273-1D72-49D7-8AF0-A3CC6D62E3D9}.Debug|Any CPU.Build.0 = Debug|Any CPU
		{714DC273-1D72-49D7-8AF0-A3CC6D62E3D9}.Release|Any CPU.ActiveCfg = Release|Any CPU
		{714DC273-1D72-49D7-8AF0-A3CC6D62E3D9}.Release|Any CPU.Build.0 = Release|Any CPU
	EndGlobalSection
	GlobalSection(SolutionProperties) = preSolution
		HideSolutionNode = FALSE
	EndGlobalSection
	GlobalSection(ExtensibilityGlobals) = postSolution
		SolutionGuid = {5A6AB4FC-7834-4293-9E48-EA78F998A810}
	EndGlobalSection
EndGlobal
